
Microsoft Visual Studio Solution File, Format Version 12.00
# Visual Studio Version 17
VisualStudioVersion = 17.8.34219.65
MinimumVisualStudioVersion = 10.0.40219.1
Project("{9A19103F-16F7-4668-BE54-9A1E7A4F7556}") = "ServiceLifeCycleWebApp", "ServiceLifeCycleWebApp\ServiceLifeCycleWebApp.csproj", "{7E22E9A0-BFF2-4F40-B62D-939745FA8D17}"
EndProject
Project("{9A19103F-16F7-4668-BE54-9A1E7A4F7556}") = "ServiceLifeCycleDotnet8", "ServiceLifeCycleDotnet8\ServiceLifeCycleDotnet8.csproj", "{052802AB-21CF-4542-8706-F5A71510E444}"
EndProject
Global
	GlobalSection(SolutionConfigurationPlatforms) = preSolution
		Debug|Any CPU = Debug|Any CPU
		Release|Any CPU = Release|Any CPU
	EndGlobalSection
	GlobalSection(ProjectConfigurationPlatforms) = postSolution
		{7E22E9A0-BFF2-4F40-B62D-939745FA8D17}.Debug|Any CPU.ActiveCfg = Debug|Any CPU
		{7E22E9A0-BFF2-4F40-B62D-939745FA8D17}.Debug|Any CPU.Build.0 = Debug|Any CPU
		{7E22E9A0-BFF2-4F40-B62D-939745FA8D17}.Release|Any CPU.ActiveCfg = Release|Any CPU
		{7E22E9A0-BFF2-4F40-B62D-939745FA8D17}.Release|Any CPU.Build.0 = Release|Any CPU
		{052802AB-21CF-4542-8706-F5A71510E444}.Debug|Any CPU.ActiveCfg = Debug|Any CPU
		{052802AB-21CF-4542-8706-F5A71510E444}.Debug|Any CPU.Build.0 = Debug|Any CPU
		{052802AB-21CF-4542-8706-F5A71510E444}.Release|Any CPU.ActiveCfg = Release|Any CPU
		{052802AB-21CF-4542-8706-F5A71510E444}.Release|Any CPU.Build.0 = Release|Any CPU
	EndGlobalSection
	GlobalSection(SolutionProperties) = preSolution
		HideSolutionNode = FALSE
	EndGlobalSection
	GlobalSection(ExtensibilityGlobals) = postSolution
		SolutionGuid = {DC6A5873-CA60-4729-9C85-F49F9CB57D1A}
	EndGlobalSection
EndGlobal
